
Microsoft Visual Studio Solution File, Format Version 12.00
# Visual Studio Version 17
VisualStudioVersion = 17.2.32630.192
MinimumVisualStudioVersion = 10.0.40219.1
Project("{9A19103F-16F7-4668-BE54-9A1E7A4F7556}") = "IBox.Common", "IBox.Common\IBox.Common.csproj", "{5291294E-9AA9-4513-823D-C1A6921B0989}"
EndProject
Project("{9A19103F-16F7-4668-BE54-9A1E7A4F7556}") = "IBox.Client", "IBox.Client\IBox.Client.csproj", "{ABECF5EC-433E-4ADB-B804-39CCEF46AAAD}"
EndProject
Project("{9A19103F-16F7-4668-BE54-9A1E7A4F7556}") = "IBox.RestService", "IBox.RestService\IBox.RestService.csproj", "{856CA13C-EAF3-448B-BED0-70D23D794500}"
EndProject
Project("{2150E333-8FDC-42A3-9474-1A3956D46DE8}") = "Solution Items", "Solution Items", "{AF0F4902-E051-4015-8B15-95E717141F24}"
EndProject
Project("{9A19103F-16F7-4668-BE54-9A1E7A4F7556}") = "IBox.Workflow", "IBox.Workflow\IBox.Workflow.csproj", "{D42F2951-039D-4015-9BF8-FEB20AD8A31B}"
EndProject
Project("{9A19103F-16F7-4668-BE54-9A1E7A4F7556}") = "IBox.Client.Business", "IBox.Client.Business\IBox.Client.Business.csproj", "{E0AB7934-D0C0-4FE2-838E-D59343C2A820}"
EndProject
Project("{9A19103F-16F7-4668-BE54-9A1E7A4F7556}") = "IBox.DLEx", "IBox.DLEx\IBox.DLEx.csproj", "{A6CE03B3-8A8C-40A6-B61F-E1483D6ED5BD}"
EndProject
Project("{9A19103F-16F7-4668-BE54-9A1E7A4F7556}") = "IBox.Database.DBC", "IBox.Database.DBC\IBox.Database.DBC.csproj", "{C53C1CB9-474D-403D-A82A-76E68B36DF7C}"
EndProject
Project("{9A19103F-16F7-4668-BE54-9A1E7A4F7556}") = "IBox.MailService", "IBox.MailService\IBox.MailService.csproj", "{C4DCF635-10FB-42D3-BEF9-B9DE6F53F813}"
EndProject
Project("{9A19103F-16F7-4668-BE54-9A1E7A4F7556}") = "IBox.Schedule", "IBox.Schedule\IBox.Schedule.csproj", "{1DDEDAAA-A5AF-40E6-A5EE-6DF82D69FA4E}"
EndProject
Project("{9A19103F-16F7-4668-BE54-9A1E7A4F7556}") = "IBox.Database.Tenant", "IBox.Database.Tenant\IBox.Database.Tenant.csproj", "{9FF014F0-EE07-424B-9367-3955CCA055C1}"
EndProject
Project("{9A19103F-16F7-4668-BE54-9A1E7A4F7556}") = "IBox.Database.Root", "IBox.Database.Root\IBox.Database.Root.csproj", "{37547C88-D10A-45B7-B391-5ABF156AEE5B}"
EndProject
Project("{9A19103F-16F7-4668-BE54-9A1E7A4F7556}") = "IBox.Root.Client", "IBox.Root.Client\IBox.Root.Client.csproj", "{544A136B-8ECC-40B4-8859-FBF3E33D10D7}"
EndProject
Project("{9A19103F-16F7-4668-BE54-9A1E7A4F7556}") = "IBox.ScheduleHistory", "IBox.ScheduleHistory\IBox.ScheduleHistory.csproj", "{741C77EE-6A44-418B-909C-CBD339FA58E3}"
EndProject
Project("{9A19103F-16F7-4668-BE54-9A1E7A4F7556}") = "IBox.Formatting", "IBox.Formatting\IBox.Formatting.csproj", "{4582AAC1-4E33-4E22-86E2-1CEEB2DCBA9F}"
EndProject
Project("{9A19103F-16F7-4668-BE54-9A1E7A4F7556}") = "IBox.Security", "IBox.Security\IBox.Security.csproj", "{49CA3ACA-2B5B-45F3-8B00-45FA333806ED}"
EndProject
Project("{9A19103F-16F7-4668-BE54-9A1E7A4F7556}") = "IBox.LogService", "IBox.LogService\IBox.LogService.csproj", "{D3FF334C-28A1-42F8-B08A-28EB1A88006F}"
EndProject
Project("{2150E333-8FDC-42A3-9474-1A3956D46DE8}") = "Libs", "Libs", "{B0EBF403-E0A1-468F-AA04-954B6705D447}"
EndProject
Project("{9A19103F-16F7-4668-BE54-9A1E7A4F7556}") = "IBox.Documentation", "IBox.Documentation\IBox.Documentation.csproj", "{C5C77067-E318-4527-9D55-88B6C9E99ECE}"
EndProject
Project("{9A19103F-16F7-4668-BE54-9A1E7A4F7556}") = "IBox.StoreService", "IBox.StoreService\IBox.StoreService.csproj", "{CB561FCA-A23C-48C1-92ED-C5790F6DD6E0}"
EndProject
Project("{9A19103F-16F7-4668-BE54-9A1E7A4F7556}") = "IBox.WebSocket", "IBox.WebSocket\IBox.WebSocket.csproj", "{539ADE45-FF77-4001-92EE-EEC28AAC99CC}"
EndProject
Project("{9A19103F-16F7-4668-BE54-9A1E7A4F7556}") = "IBox.Schedule.Library", "IBox.Schedule.Library\IBox.Schedule.Library.csproj", "{E3950A97-7B31-40EF-B3F5-C14FB3249F4A}"
EndProject
Project("{9A19103F-16F7-4668-BE54-9A1E7A4F7556}") = "IBox.ChatBot", "IBox.ChatBot\IBox.ChatBot.csproj", "{51E20960-5517-436A-B59B-92515A5BF54E}"
EndProject
Project("{9A19103F-16F7-4668-BE54-9A1E7A4F7556}") = "IBox.ChatBot.DB", "IBox.ChatBot.DB\IBox.ChatBot.DB.csproj", "{735B7F24-A10F-4D9B-A674-D749F4BADD19}"
EndProject
Project("{9A19103F-16F7-4668-BE54-9A1E7A4F7556}") = "IBox.Database.SQLiteDBChatDay", "IBox.Database.SQLite\IBox.Database.SQLiteDBChatDay.csproj", "{D218C699-E72A-4586-A661-F88D9B8BFD6B}"
EndProject
Project("{9A19103F-16F7-4668-BE54-9A1E7A4F7556}") = "IBox.ChatBot.Schedule.DB", "IBox.ChatBot.Schedule\IBox.ChatBot.Schedule.DB.csproj", "{D7866D0A-3B5E-4BF3-B2B3-3ADB83C4D0AB}"
EndProject
Project("{9A19103F-16F7-4668-BE54-9A1E7A4F7556}") = "IBox.ChatBot.Handel", "IBox.ChatBot.Handel\IBox.ChatBot.Handel.csproj", "{E4715998-D24B-4EF6-9F54-6CCA32EDFA65}"
EndProject
Project("{9A19103F-16F7-4668-BE54-9A1E7A4F7556}") = "IBox.ChatBot.History", "IBox.ChatBot.History\IBox.ChatBot.History.csproj", "{04E72B13-8BA7-421F-A5F0-6CA8ACE20BEE}"
EndProject
Project("{9A19103F-16F7-4668-BE54-9A1E7A4F7556}") = "IBox.PageBuilder", "IBox.PageBuilder\IBox.PageBuilder.csproj", "{66321F3E-DA24-4D5B-A5DA-444BB9E47D6F}"
EndProject
Project("{9A19103F-16F7-4668-BE54-9A1E7A4F7556}") = "IBox.PageExecute", "IBox.PageExecute\IBox.PageExecute.csproj", "{15DF4767-4436-492F-AE2A-29E32514DD01}"
EndProject
Project("{9A19103F-16F7-4668-BE54-9A1E7A4F7556}") = "IBox.Permissions", "IBox.Permissions\IBox.Permissions.csproj", "{ACEE8945-301D-4563-9D1A-B4896E813944}"
EndProject
Project("{9A19103F-16F7-4668-BE54-9A1E7A4F7556}") = "IBox.History.DB", "IBox.History.DB\IBox.History.DB.csproj", "{2D37EE15-A843-4D86-AA6F-0E31CC6828E3}"
EndProject
Project("{9A19103F-16F7-4668-BE54-9A1E7A4F7556}") = "IBox.Database.UpdateVersion", "IBox.Database.UpdateVersion\IBox.Database.UpdateVersion.csproj", "{6DB04332-702D-455C-ACEC-C9464B50D44B}"
EndProject
Project("{FAE04EC0-301F-11D3-BF4B-00C04F79EFBC}") = "IBox.Database.GetDataLog", "IBox.Database.GetDataLog\IBox.Database.GetDataLog.csproj", "{8D942CC9-37F8-491D-A0E6-84CE091060B2}"
EndProject
Project("{FAE04EC0-301F-11D3-BF4B-00C04F79EFBC}") = "IBox.CiscoAdapter", "IBox.CiscoAdapter\IBox.CiscoAdapter.csproj", "{DB153030-2889-5193-8750-EFE72E352FAC}"
EndProject
Global
	GlobalSection(SolutionConfigurationPlatforms) = preSolution
		Debug|Any CPU = Debug|Any CPU
		Debug|x64 = Debug|x64
		Debug|x86 = Debug|x86
		Release|Any CPU = Release|Any CPU
		Release|x64 = Release|x64
		Release|x86 = Release|x86
	EndGlobalSection
	GlobalSection(ProjectConfigurationPlatforms) = postSolution
		{5291294E-9AA9-4513-823D-C1A6921B0989}.Debug|Any CPU.ActiveCfg = Debug|Any CPU
		{5291294E-9AA9-4513-823D-C1A6921B0989}.Debug|Any CPU.Build.0 = Debug|Any CPU
		{5291294E-9AA9-4513-823D-C1A6921B0989}.Debug|x64.ActiveCfg = Debug|Any CPU
		{5291294E-9AA9-4513-823D-C1A6921B0989}.Debug|x64.Build.0 = Debug|Any CPU
		{5291294E-9AA9-4513-823D-C1A6921B0989}.Debug|x86.ActiveCfg = Debug|Any CPU
		{5291294E-9AA9-4513-823D-C1A6921B0989}.Debug|x86.Build.0 = Debug|Any CPU
		{5291294E-9AA9-4513-823D-C1A6921B0989}.Release|Any CPU.ActiveCfg = Release|Any CPU
		{5291294E-9AA9-4513-823D-C1A6921B0989}.Release|Any CPU.Build.0 = Release|Any CPU
		{5291294E-9AA9-4513-823D-C1A6921B0989}.Release|x64.ActiveCfg = Release|Any CPU
		{5291294E-9AA9-4513-823D-C1A6921B0989}.Release|x64.Build.0 = Release|Any CPU
		{5291294E-9AA9-4513-823D-C1A6921B0989}.Release|x86.ActiveCfg = Release|Any CPU
		{5291294E-9AA9-4513-823D-C1A6921B0989}.Release|x86.Build.0 = Release|Any CPU
		{ABECF5EC-433E-4ADB-B804-39CCEF46AAAD}.Debug|Any CPU.ActiveCfg = Debug|Any CPU
		{ABECF5EC-433E-4ADB-B804-39CCEF46AAAD}.Debug|Any CPU.Build.0 = Debug|Any CPU
		{ABECF5EC-433E-4ADB-B804-39CCEF46AAAD}.Debug|x64.ActiveCfg = Debug|Any CPU
		{ABECF5EC-433E-4ADB-B804-39CCEF46AAAD}.Debug|x64.Build.0 = Debug|Any CPU
		{ABECF5EC-433E-4ADB-B804-39CCEF46AAAD}.Debug|x86.ActiveCfg = Debug|Any CPU
		{ABECF5EC-433E-4ADB-B804-39CCEF46AAAD}.Debug|x86.Build.0 = Debug|Any CPU
		{ABECF5EC-433E-4ADB-B804-39CCEF46AAAD}.Release|Any CPU.ActiveCfg = Release|Any CPU
		{ABECF5EC-433E-4ADB-B804-39CCEF46AAAD}.Release|Any CPU.Build.0 = Release|Any CPU
		{ABECF5EC-433E-4ADB-B804-39CCEF46AAAD}.Release|x64.ActiveCfg = Release|Any CPU
		{ABECF5EC-433E-4ADB-B804-39CCEF46AAAD}.Release|x64.Build.0 = Release|Any CPU
		{ABECF5EC-433E-4ADB-B804-39CCEF46AAAD}.Release|x86.ActiveCfg = Release|Any CPU
		{ABECF5EC-433E-4ADB-B804-39CCEF46AAAD}.Release|x86.Build.0 = Release|Any CPU
		{856CA13C-EAF3-448B-BED0-70D23D794500}.Debug|Any CPU.ActiveCfg = Debug|Any CPU
		{856CA13C-EAF3-448B-BED0-70D23D794500}.Debug|Any CPU.Build.0 = Debug|Any CPU
		{856CA13C-EAF3-448B-BED0-70D23D794500}.Debug|x64.ActiveCfg = Debug|Any CPU
		{856CA13C-EAF3-448B-BED0-70D23D794500}.Debug|x64.Build.0 = Debug|Any CPU
		{856CA13C-EAF3-448B-BED0-70D23D794500}.Debug|x86.ActiveCfg = Debug|Any CPU
		{856CA13C-EAF3-448B-BED0-70D23D794500}.Debug|x86.Build.0 = Debug|Any CPU
		{856CA13C-EAF3-448B-BED0-70D23D794500}.Release|Any CPU.ActiveCfg = Release|Any CPU
		{856CA13C-EAF3-448B-BED0-70D23D794500}.Release|Any CPU.Build.0 = Release|Any CPU
		{856CA13C-EAF3-448B-BED0-70D23D794500}.Release|x64.ActiveCfg = Release|Any CPU
		{856CA13C-EAF3-448B-BED0-70D23D794500}.Release|x64.Build.0 = Release|Any CPU
		{856CA13C-EAF3-448B-BED0-70D23D794500}.Release|x86.ActiveCfg = Release|Any CPU
		{856CA13C-EAF3-448B-BED0-70D23D794500}.Release|x86.Build.0 = Release|Any CPU
		{D42F2951-039D-4015-9BF8-FEB20AD8A31B}.Debug|Any CPU.ActiveCfg = Debug|Any CPU
		{D42F2951-039D-4015-9BF8-FEB20AD8A31B}.Debug|Any CPU.Build.0 = Debug|Any CPU
		{D42F2951-039D-4015-9BF8-FEB20AD8A31B}.Debug|x64.ActiveCfg = Debug|Any CPU
		{D42F2951-039D-4015-9BF8-FEB20AD8A31B}.Debug|x64.Build.0 = Debug|Any CPU
		{D42F2951-039D-4015-9BF8-FEB20AD8A31B}.Debug|x86.ActiveCfg = Debug|Any CPU
		{D42F2951-039D-4015-9BF8-FEB20AD8A31B}.Debug|x86.Build.0 = Debug|Any CPU
		{D42F2951-039D-4015-9BF8-FEB20AD8A31B}.Release|Any CPU.ActiveCfg = Release|Any CPU
		{D42F2951-039D-4015-9BF8-FEB20AD8A31B}.Release|Any CPU.Build.0 = Release|Any CPU
		{D42F2951-039D-4015-9BF8-FEB20AD8A31B}.Release|x64.ActiveCfg = Release|Any CPU
		{D42F2951-039D-4015-9BF8-FEB20AD8A31B}.Release|x64.Build.0 = Release|Any CPU
		{D42F2951-039D-4015-9BF8-FEB20AD8A31B}.Release|x86.ActiveCfg = Release|Any CPU
		{D42F2951-039D-4015-9BF8-FEB20AD8A31B}.Release|x86.Build.0 = Release|Any CPU
		{E0AB7934-D0C0-4FE2-838E-D59343C2A820}.Debug|Any CPU.ActiveCfg = Debug|Any CPU
		{E0AB7934-D0C0-4FE2-838E-D59343C2A820}.Debug|Any CPU.Build.0 = Debug|Any CPU
		{E0AB7934-D0C0-4FE2-838E-D59343C2A820}.Debug|x64.ActiveCfg = Debug|Any CPU
		{E0AB7934-D0C0-4FE2-838E-D59343C2A820}.Debug|x64.Build.0 = Debug|Any CPU
		{E0AB7934-D0C0-4FE2-838E-D59343C2A820}.Debug|x86.ActiveCfg = Debug|Any CPU
		{E0AB7934-D0C0-4FE2-838E-D59343C2A820}.Debug|x86.Build.0 = Debug|Any CPU
		{E0AB7934-D0C0-4FE2-838E-D59343C2A820}.Release|Any CPU.ActiveCfg = Release|Any CPU
		{E0AB7934-D0C0-4FE2-838E-D59343C2A820}.Release|Any CPU.Build.0 = Release|Any CPU
		{E0AB7934-D0C0-4FE2-838E-D59343C2A820}.Release|x64.ActiveCfg = Release|Any CPU
		{E0AB7934-D0C0-4FE2-838E-D59343C2A820}.Release|x64.Build.0 = Release|Any CPU
		{E0AB7934-D0C0-4FE2-838E-D59343C2A820}.Release|x86.ActiveCfg = Release|Any CPU
		{E0AB7934-D0C0-4FE2-838E-D59343C2A820}.Release|x86.Build.0 = Release|Any CPU
		{A6CE03B3-8A8C-40A6-B61F-E1483D6ED5BD}.Debug|Any CPU.ActiveCfg = Debug|Any CPU
		{A6CE03B3-8A8C-40A6-B61F-E1483D6ED5BD}.Debug|Any CPU.Build.0 = Debug|Any CPU
		{A6CE03B3-8A8C-40A6-B61F-E1483D6ED5BD}.Debug|x64.ActiveCfg = Debug|Any CPU
		{A6CE03B3-8A8C-40A6-B61F-E1483D6ED5BD}.Debug|x64.Build.0 = Debug|Any CPU
		{A6CE03B3-8A8C-40A6-B61F-E1483D6ED5BD}.Debug|x86.ActiveCfg = Debug|Any CPU
		{A6CE03B3-8A8C-40A6-B61F-E1483D6ED5BD}.Debug|x86.Build.0 = Debug|Any CPU
		{A6CE03B3-8A8C-40A6-B61F-E1483D6ED5BD}.Release|Any CPU.ActiveCfg = Release|Any CPU
		{A6CE03B3-8A8C-40A6-B61F-E1483D6ED5BD}.Release|Any CPU.Build.0 = Release|Any CPU
		{A6CE03B3-8A8C-40A6-B61F-E1483D6ED5BD}.Release|x64.ActiveCfg = Release|Any CPU
		{A6CE03B3-8A8C-40A6-B61F-E1483D6ED5BD}.Release|x64.Build.0 = Release|Any CPU
		{A6CE03B3-8A8C-40A6-B61F-E1483D6ED5BD}.Release|x86.ActiveCfg = Release|Any CPU
		{A6CE03B3-8A8C-40A6-B61F-E1483D6ED5BD}.Release|x86.Build.0 = Release|Any CPU
		{C53C1CB9-474D-403D-A82A-76E68B36DF7C}.Debug|Any CPU.ActiveCfg = Debug|Any CPU
		{C53C1CB9-474D-403D-A82A-76E68B36DF7C}.Debug|Any CPU.Build.0 = Debug|Any CPU
		{C53C1CB9-474D-403D-A82A-76E68B36DF7C}.Debug|x64.ActiveCfg = Debug|Any CPU
		{C53C1CB9-474D-403D-A82A-76E68B36DF7C}.Debug|x64.Build.0 = Debug|Any CPU
		{C53C1CB9-474D-403D-A82A-76E68B36DF7C}.Debug|x86.ActiveCfg = Debug|Any CPU
		{C53C1CB9-474D-403D-A82A-76E68B36DF7C}.Debug|x86.Build.0 = Debug|Any CPU
		{C53C1CB9-474D-403D-A82A-76E68B36DF7C}.Release|Any CPU.ActiveCfg = Release|Any CPU
		{C53C1CB9-474D-403D-A82A-76E68B36DF7C}.Release|Any CPU.Build.0 = Release|Any CPU
		{C53C1CB9-474D-403D-A82A-76E68B36DF7C}.Release|x64.ActiveCfg = Release|Any CPU
		{C53C1CB9-474D-403D-A82A-76E68B36DF7C}.Release|x64.Build.0 = Release|Any CPU
		{C53C1CB9-474D-403D-A82A-76E68B36DF7C}.Release|x86.ActiveCfg = Release|Any CPU
		{C53C1CB9-474D-403D-A82A-76E68B36DF7C}.Release|x86.Build.0 = Release|Any CPU
		{C4DCF635-10FB-42D3-BEF9-B9DE6F53F813}.Debug|Any CPU.ActiveCfg = Debug|Any CPU
		{C4DCF635-10FB-42D3-BEF9-B9DE6F53F813}.Debug|Any CPU.Build.0 = Debug|Any CPU
		{C4DCF635-10FB-42D3-BEF9-B9DE6F53F813}.Debug|x64.ActiveCfg = Debug|Any CPU
		{C4DCF635-10FB-42D3-BEF9-B9DE6F53F813}.Debug|x64.Build.0 = Debug|Any CPU
		{C4DCF635-10FB-42D3-BEF9-B9DE6F53F813}.Debug|x86.ActiveCfg = Debug|Any CPU
		{C4DCF635-10FB-42D3-BEF9-B9DE6F53F813}.Debug|x86.Build.0 = Debug|Any CPU
		{C4DCF635-10FB-42D3-BEF9-B9DE6F53F813}.Release|Any CPU.ActiveCfg = Release|Any CPU
		{C4DCF635-10FB-42D3-BEF9-B9DE6F53F813}.Release|Any CPU.Build.0 = Release|Any CPU
		{C4DCF635-10FB-42D3-BEF9-B9DE6F53F813}.Release|x64.ActiveCfg = Release|Any CPU
		{C4DCF635-10FB-42D3-BEF9-B9DE6F53F813}.Release|x64.Build.0 = Release|Any CPU
		{C4DCF635-10FB-42D3-BEF9-B9DE6F53F813}.Release|x86.ActiveCfg = Release|Any CPU
		{C4DCF635-10FB-42D3-BEF9-B9DE6F53F813}.Release|x86.Build.0 = Release|Any CPU
		{1DDEDAAA-A5AF-40E6-A5EE-6DF82D69FA4E}.Debug|Any CPU.ActiveCfg = Debug|Any CPU
		{1DDEDAAA-A5AF-40E6-A5EE-6DF82D69FA4E}.Debug|Any CPU.Build.0 = Debug|Any CPU
		{1DDEDAAA-A5AF-40E6-A5EE-6DF82D69FA4E}.Debug|x64.ActiveCfg = Debug|Any CPU
		{1DDEDAAA-A5AF-40E6-A5EE-6DF82D69FA4E}.Debug|x64.Build.0 = Debug|Any CPU
		{1DDEDAAA-A5AF-40E6-A5EE-6DF82D69FA4E}.Debug|x86.ActiveCfg = Debug|Any CPU
		{1DDEDAAA-A5AF-40E6-A5EE-6DF82D69FA4E}.Debug|x86.Build.0 = Debug|Any CPU
		{1DDEDAAA-A5AF-40E6-A5EE-6DF82D69FA4E}.Release|Any CPU.ActiveCfg = Release|Any CPU
		{1DDEDAAA-A5AF-40E6-A5EE-6DF82D69FA4E}.Release|Any CPU.Build.0 = Release|Any CPU
		{1DDEDAAA-A5AF-40E6-A5EE-6DF82D69FA4E}.Release|x64.ActiveCfg = Release|Any CPU
		{1DDEDAAA-A5AF-40E6-A5EE-6DF82D69FA4E}.Release|x64.Build.0 = Release|Any CPU
		{1DDEDAAA-A5AF-40E6-A5EE-6DF82D69FA4E}.Release|x86.ActiveCfg = Release|Any CPU
		{1DDEDAAA-A5AF-40E6-A5EE-6DF82D69FA4E}.Release|x86.Build.0 = Release|Any CPU
		{9FF014F0-EE07-424B-9367-3955CCA055C1}.Debug|Any CPU.ActiveCfg = Debug|Any CPU
		{9FF014F0-EE07-424B-9367-3955CCA055C1}.Debug|Any CPU.Build.0 = Debug|Any CPU
		{9FF014F0-EE07-424B-9367-3955CCA055C1}.Debug|x64.ActiveCfg = Debug|Any CPU
		{9FF014F0-EE07-424B-9367-3955CCA055C1}.Debug|x64.Build.0 = Debug|Any CPU
		{9FF014F0-EE07-424B-9367-3955CCA055C1}.Debug|x86.ActiveCfg = Debug|Any CPU
		{9FF014F0-EE07-424B-9367-3955CCA055C1}.Debug|x86.Build.0 = Debug|Any CPU
		{9FF014F0-EE07-424B-9367-3955CCA055C1}.Release|Any CPU.ActiveCfg = Release|Any CPU
		{9FF014F0-EE07-424B-9367-3955CCA055C1}.Release|Any CPU.Build.0 = Release|Any CPU
		{9FF014F0-EE07-424B-9367-3955CCA055C1}.Release|x64.ActiveCfg = Release|Any CPU
		{9FF014F0-EE07-424B-9367-3955CCA055C1}.Release|x64.Build.0 = Release|Any CPU
		{9FF014F0-EE07-424B-9367-3955CCA055C1}.Release|x86.ActiveCfg = Release|Any CPU
		{9FF014F0-EE07-424B-9367-3955CCA055C1}.Release|x86.Build.0 = Release|Any CPU
		{37547C88-D10A-45B7-B391-5ABF156AEE5B}.Debug|Any CPU.ActiveCfg = Debug|Any CPU
		{37547C88-D10A-45B7-B391-5ABF156AEE5B}.Debug|Any CPU.Build.0 = Debug|Any CPU
		{37547C88-D10A-45B7-B391-5ABF156AEE5B}.Debug|x64.ActiveCfg = Debug|Any CPU
		{37547C88-D10A-45B7-B391-5ABF156AEE5B}.Debug|x64.Build.0 = Debug|Any CPU
		{37547C88-D10A-45B7-B391-5ABF156AEE5B}.Debug|x86.ActiveCfg = Debug|Any CPU
		{37547C88-D10A-45B7-B391-5ABF156AEE5B}.Debug|x86.Build.0 = Debug|Any CPU
		{37547C88-D10A-45B7-B391-5ABF156AEE5B}.Release|Any CPU.ActiveCfg = Release|Any CPU
		{37547C88-D10A-45B7-B391-5ABF156AEE5B}.Release|Any CPU.Build.0 = Release|Any CPU
		{37547C88-D10A-45B7-B391-5ABF156AEE5B}.Release|x64.ActiveCfg = Release|Any CPU
		{37547C88-D10A-45B7-B391-5ABF156AEE5B}.Release|x64.Build.0 = Release|Any CPU
		{37547C88-D10A-45B7-B391-5ABF156AEE5B}.Release|x86.ActiveCfg = Release|Any CPU
		{37547C88-D10A-45B7-B391-5ABF156AEE5B}.Release|x86.Build.0 = Release|Any CPU
		{544A136B-8ECC-40B4-8859-FBF3E33D10D7}.Debug|Any CPU.ActiveCfg = Debug|Any CPU
		{544A136B-8ECC-40B4-8859-FBF3E33D10D7}.Debug|Any CPU.Build.0 = Debug|Any CPU
		{544A136B-8ECC-40B4-8859-FBF3E33D10D7}.Debug|x64.ActiveCfg = Debug|Any CPU
		{544A136B-8ECC-40B4-8859-FBF3E33D10D7}.Debug|x64.Build.0 = Debug|Any CPU
		{544A136B-8ECC-40B4-8859-FBF3E33D10D7}.Debug|x86.ActiveCfg = Debug|Any CPU
		{544A136B-8ECC-40B4-8859-FBF3E33D10D7}.Debug|x86.Build.0 = Debug|Any CPU
		{544A136B-8ECC-40B4-8859-FBF3E33D10D7}.Release|Any CPU.ActiveCfg = Release|Any CPU
		{544A136B-8ECC-40B4-8859-FBF3E33D10D7}.Release|Any CPU.Build.0 = Release|Any CPU
		{544A136B-8ECC-40B4-8859-FBF3E33D10D7}.Release|x64.ActiveCfg = Release|Any CPU
		{544A136B-8ECC-40B4-8859-FBF3E33D10D7}.Release|x64.Build.0 = Release|Any CPU
		{544A136B-8ECC-40B4-8859-FBF3E33D10D7}.Release|x86.ActiveCfg = Release|Any CPU
		{544A136B-8ECC-40B4-8859-FBF3E33D10D7}.Release|x86.Build.0 = Release|Any CPU
		{741C77EE-6A44-418B-909C-CBD339FA58E3}.Debug|Any CPU.ActiveCfg = Debug|Any CPU
		{741C77EE-6A44-418B-909C-CBD339FA58E3}.Debug|Any CPU.Build.0 = Debug|Any CPU
		{741C77EE-6A44-418B-909C-CBD339FA58E3}.Debug|x64.ActiveCfg = Debug|Any CPU
		{741C77EE-6A44-418B-909C-CBD339FA58E3}.Debug|x64.Build.0 = Debug|Any CPU
		{741C77EE-6A44-418B-909C-CBD339FA58E3}.Debug|x86.ActiveCfg = Debug|Any CPU
		{741C77EE-6A44-418B-909C-CBD339FA58E3}.Debug|x86.Build.0 = Debug|Any CPU
		{741C77EE-6A44-418B-909C-CBD339FA58E3}.Release|Any CPU.ActiveCfg = Release|Any CPU
		{741C77EE-6A44-418B-909C-CBD339FA58E3}.Release|Any CPU.Build.0 = Release|Any CPU
		{741C77EE-6A44-418B-909C-CBD339FA58E3}.Release|x64.ActiveCfg = Release|Any CPU
		{741C77EE-6A44-418B-909C-CBD339FA58E3}.Release|x64.Build.0 = Release|Any CPU
		{741C77EE-6A44-418B-909C-CBD339FA58E3}.Release|x86.ActiveCfg = Release|Any CPU
		{741C77EE-6A44-418B-909C-CBD339FA58E3}.Release|x86.Build.0 = Release|Any CPU
		{4582AAC1-4E33-4E22-86E2-1CEEB2DCBA9F}.Debug|Any CPU.ActiveCfg = Debug|Any CPU
		{4582AAC1-4E33-4E22-86E2-1CEEB2DCBA9F}.Debug|Any CPU.Build.0 = Debug|Any CPU
		{4582AAC1-4E33-4E22-86E2-1CEEB2DCBA9F}.Debug|x64.ActiveCfg = Debug|Any CPU
		{4582AAC1-4E33-4E22-86E2-1CEEB2DCBA9F}.Debug|x64.Build.0 = Debug|Any CPU
		{4582AAC1-4E33-4E22-86E2-1CEEB2DCBA9F}.Debug|x86.ActiveCfg = Debug|Any CPU
		{4582AAC1-4E33-4E22-86E2-1CEEB2DCBA9F}.Debug|x86.Build.0 = Debug|Any CPU
		{4582AAC1-4E33-4E22-86E2-1CEEB2DCBA9F}.Release|Any CPU.ActiveCfg = Release|Any CPU
		{4582AAC1-4E33-4E22-86E2-1CEEB2DCBA9F}.Release|Any CPU.Build.0 = Release|Any CPU
		{4582AAC1-4E33-4E22-86E2-1CEEB2DCBA9F}.Release|x64.ActiveCfg = Release|Any CPU
		{4582AAC1-4E33-4E22-86E2-1CEEB2DCBA9F}.Release|x64.Build.0 = Release|Any CPU
		{4582AAC1-4E33-4E22-86E2-1CEEB2DCBA9F}.Release|x86.ActiveCfg = Release|Any CPU
		{4582AAC1-4E33-4E22-86E2-1CEEB2DCBA9F}.Release|x86.Build.0 = Release|Any CPU
		{49CA3ACA-2B5B-45F3-8B00-45FA333806ED}.Debug|Any CPU.ActiveCfg = Debug|Any CPU
		{49CA3ACA-2B5B-45F3-8B00-45FA333806ED}.Debug|Any CPU.Build.0 = Debug|Any CPU
		{49CA3ACA-2B5B-45F3-8B00-45FA333806ED}.Debug|x64.ActiveCfg = Debug|Any CPU
		{49CA3ACA-2B5B-45F3-8B00-45FA333806ED}.Debug|x64.Build.0 = Debug|Any CPU
		{49CA3ACA-2B5B-45F3-8B00-45FA333806ED}.Debug|x86.ActiveCfg = Debug|Any CPU
		{49CA3ACA-2B5B-45F3-8B00-45FA333806ED}.Debug|x86.Build.0 = Debug|Any CPU
		{49CA3ACA-2B5B-45F3-8B00-45FA333806ED}.Release|Any CPU.ActiveCfg = Release|Any CPU
		{49CA3ACA-2B5B-45F3-8B00-45FA333806ED}.Release|Any CPU.Build.0 = Release|Any CPU
		{49CA3ACA-2B5B-45F3-8B00-45FA333806ED}.Release|x64.ActiveCfg = Release|Any CPU
		{49CA3ACA-2B5B-45F3-8B00-45FA333806ED}.Release|x64.Build.0 = Release|Any CPU
		{49CA3ACA-2B5B-45F3-8B00-45FA333806ED}.Release|x86.ActiveCfg = Release|Any CPU
		{49CA3ACA-2B5B-45F3-8B00-45FA333806ED}.Release|x86.Build.0 = Release|Any CPU
		{D3FF334C-28A1-42F8-B08A-28EB1A88006F}.Debug|Any CPU.ActiveCfg = Debug|Any CPU
		{D3FF334C-28A1-42F8-B08A-28EB1A88006F}.Debug|Any CPU.Build.0 = Debug|Any CPU
		{D3FF334C-28A1-42F8-B08A-28EB1A88006F}.Debug|x64.ActiveCfg = Debug|Any CPU
		{D3FF334C-28A1-42F8-B08A-28EB1A88006F}.Debug|x64.Build.0 = Debug|Any CPU
		{D3FF334C-28A1-42F8-B08A-28EB1A88006F}.Debug|x86.ActiveCfg = Debug|Any CPU
		{D3FF334C-28A1-42F8-B08A-28EB1A88006F}.Debug|x86.Build.0 = Debug|Any CPU
		{D3FF334C-28A1-42F8-B08A-28EB1A88006F}.Release|Any CPU.ActiveCfg = Release|Any CPU
		{D3FF334C-28A1-42F8-B08A-28EB1A88006F}.Release|Any CPU.Build.0 = Release|Any CPU
		{D3FF334C-28A1-42F8-B08A-28EB1A88006F}.Release|x64.ActiveCfg = Release|Any CPU
		{D3FF334C-28A1-42F8-B08A-28EB1A88006F}.Release|x64.Build.0 = Release|Any CPU
		{D3FF334C-28A1-42F8-B08A-28EB1A88006F}.Release|x86.ActiveCfg = Release|Any CPU
		{D3FF334C-28A1-42F8-B08A-28EB1A88006F}.Release|x86.Build.0 = Release|Any CPU
		{C5C77067-E318-4527-9D55-88B6C9E99ECE}.Debug|Any CPU.ActiveCfg = Debug|Any CPU
		{C5C77067-E318-4527-9D55-88B6C9E99ECE}.Debug|Any CPU.Build.0 = Debug|Any CPU
		{C5C77067-E318-4527-9D55-88B6C9E99ECE}.Debug|x64.ActiveCfg = Debug|Any CPU
		{C5C77067-E318-4527-9D55-88B6C9E99ECE}.Debug|x64.Build.0 = Debug|Any CPU
		{C5C77067-E318-4527-9D55-88B6C9E99ECE}.Debug|x86.ActiveCfg = Debug|Any CPU
		{C5C77067-E318-4527-9D55-88B6C9E99ECE}.Debug|x86.Build.0 = Debug|Any CPU
		{C5C77067-E318-4527-9D55-88B6C9E99ECE}.Release|Any CPU.ActiveCfg = Release|Any CPU
		{C5C77067-E318-4527-9D55-88B6C9E99ECE}.Release|Any CPU.Build.0 = Release|Any CPU
		{C5C77067-E318-4527-9D55-88B6C9E99ECE}.Release|x64.ActiveCfg = Release|Any CPU
		{C5C77067-E318-4527-9D55-88B6C9E99ECE}.Release|x64.Build.0 = Release|Any CPU
		{C5C77067-E318-4527-9D55-88B6C9E99ECE}.Release|x86.ActiveCfg = Release|Any CPU
		{C5C77067-E318-4527-9D55-88B6C9E99ECE}.Release|x86.Build.0 = Release|Any CPU
		{CB561FCA-A23C-48C1-92ED-C5790F6DD6E0}.Debug|Any CPU.ActiveCfg = Debug|Any CPU
		{CB561FCA-A23C-48C1-92ED-C5790F6DD6E0}.Debug|Any CPU.Build.0 = Debug|Any CPU
		{CB561FCA-A23C-48C1-92ED-C5790F6DD6E0}.Debug|x64.ActiveCfg = Debug|Any CPU
		{CB561FCA-A23C-48C1-92ED-C5790F6DD6E0}.Debug|x64.Build.0 = Debug|Any CPU
		{CB561FCA-A23C-48C1-92ED-C5790F6DD6E0}.Debug|x86.ActiveCfg = Debug|Any CPU
		{CB561FCA-A23C-48C1-92ED-C5790F6DD6E0}.Debug|x86.Build.0 = Debug|Any CPU
		{CB561FCA-A23C-48C1-92ED-C5790F6DD6E0}.Release|Any CPU.ActiveCfg = Release|Any CPU
		{CB561FCA-A23C-48C1-92ED-C5790F6DD6E0}.Release|Any CPU.Build.0 = Release|Any CPU
		{CB561FCA-A23C-48C1-92ED-C5790F6DD6E0}.Release|x64.ActiveCfg = Release|Any CPU
		{CB561FCA-A23C-48C1-92ED-C5790F6DD6E0}.Release|x64.Build.0 = Release|Any CPU
		{CB561FCA-A23C-48C1-92ED-C5790F6DD6E0}.Release|x86.ActiveCfg = Release|Any CPU
		{CB561FCA-A23C-48C1-92ED-C5790F6DD6E0}.Release|x86.Build.0 = Release|Any CPU
		{539ADE45-FF77-4001-92EE-EEC28AAC99CC}.Debug|Any CPU.ActiveCfg = Debug|Any CPU
		{539ADE45-FF77-4001-92EE-EEC28AAC99CC}.Debug|Any CPU.Build.0 = Debug|Any CPU
		{539ADE45-FF77-4001-92EE-EEC28AAC99CC}.Debug|x64.ActiveCfg = Debug|Any CPU
		{539ADE45-FF77-4001-92EE-EEC28AAC99CC}.Debug|x64.Build.0 = Debug|Any CPU
		{539ADE45-FF77-4001-92EE-EEC28AAC99CC}.Debug|x86.ActiveCfg = Debug|Any CPU
		{539ADE45-FF77-4001-92EE-EEC28AAC99CC}.Debug|x86.Build.0 = Debug|Any CPU
		{539ADE45-FF77-4001-92EE-EEC28AAC99CC}.Release|Any CPU.ActiveCfg = Release|Any CPU
		{539ADE45-FF77-4001-92EE-EEC28AAC99CC}.Release|Any CPU.Build.0 = Release|Any CPU
		{539ADE45-FF77-4001-92EE-EEC28AAC99CC}.Release|x64.ActiveCfg = Release|Any CPU
		{539ADE45-FF77-4001-92EE-EEC28AAC99CC}.Release|x64.Build.0 = Release|Any CPU
		{539ADE45-FF77-4001-92EE-EEC28AAC99CC}.Release|x86.ActiveCfg = Release|Any CPU
		{539ADE45-FF77-4001-92EE-EEC28AAC99CC}.Release|x86.Build.0 = Release|Any CPU
		{E3950A97-7B31-40EF-B3F5-C14FB3249F4A}.Debug|Any CPU.ActiveCfg = Debug|Any CPU
		{E3950A97-7B31-40EF-B3F5-C14FB3249F4A}.Debug|Any CPU.Build.0 = Debug|Any CPU
		{E3950A97-7B31-40EF-B3F5-C14FB3249F4A}.Debug|x64.ActiveCfg = Debug|Any CPU
		{E3950A97-7B31-40EF-B3F5-C14FB3249F4A}.Debug|x64.Build.0 = Debug|Any CPU
		{E3950A97-7B31-40EF-B3F5-C14FB3249F4A}.Debug|x86.ActiveCfg = Debug|Any CPU
		{E3950A97-7B31-40EF-B3F5-C14FB3249F4A}.Debug|x86.Build.0 = Debug|Any CPU
		{E3950A97-7B31-40EF-B3F5-C14FB3249F4A}.Release|Any CPU.ActiveCfg = Release|Any CPU
		{E3950A97-7B31-40EF-B3F5-C14FB3249F4A}.Release|Any CPU.Build.0 = Release|Any CPU
		{E3950A97-7B31-40EF-B3F5-C14FB3249F4A}.Release|x64.ActiveCfg = Release|Any CPU
		{E3950A97-7B31-40EF-B3F5-C14FB3249F4A}.Release|x64.Build.0 = Release|Any CPU
		{E3950A97-7B31-40EF-B3F5-C14FB3249F4A}.Release|x86.ActiveCfg = Release|Any CPU
		{E3950A97-7B31-40EF-B3F5-C14FB3249F4A}.Release|x86.Build.0 = Release|Any CPU
		{51E20960-5517-436A-B59B-92515A5BF54E}.Debug|Any CPU.ActiveCfg = Debug|Any CPU
		{51E20960-5517-436A-B59B-92515A5BF54E}.Debug|Any CPU.Build.0 = Debug|Any CPU
		{51E20960-5517-436A-B59B-92515A5BF54E}.Debug|x64.ActiveCfg = Debug|Any CPU
		{51E20960-5517-436A-B59B-92515A5BF54E}.Debug|x64.Build.0 = Debug|Any CPU
		{51E20960-5517-436A-B59B-92515A5BF54E}.Debug|x86.ActiveCfg = Debug|Any CPU
		{51E20960-5517-436A-B59B-92515A5BF54E}.Debug|x86.Build.0 = Debug|Any CPU
		{51E20960-5517-436A-B59B-92515A5BF54E}.Release|Any CPU.ActiveCfg = Release|Any CPU
		{51E20960-5517-436A-B59B-92515A5BF54E}.Release|Any CPU.Build.0 = Release|Any CPU
		{51E20960-5517-436A-B59B-92515A5BF54E}.Release|x64.ActiveCfg = Release|Any CPU
		{51E20960-5517-436A-B59B-92515A5BF54E}.Release|x64.Build.0 = Release|Any CPU
		{51E20960-5517-436A-B59B-92515A5BF54E}.Release|x86.ActiveCfg = Release|Any CPU
		{51E20960-5517-436A-B59B-92515A5BF54E}.Release|x86.Build.0 = Release|Any CPU
		{735B7F24-A10F-4D9B-A674-D749F4BADD19}.Debug|Any CPU.ActiveCfg = Debug|Any CPU
		{735B7F24-A10F-4D9B-A674-D749F4BADD19}.Debug|Any CPU.Build.0 = Debug|Any CPU
		{735B7F24-A10F-4D9B-A674-D749F4BADD19}.Debug|x64.ActiveCfg = Debug|Any CPU
		{735B7F24-A10F-4D9B-A674-D749F4BADD19}.Debug|x64.Build.0 = Debug|Any CPU
		{735B7F24-A10F-4D9B-A674-D749F4BADD19}.Debug|x86.ActiveCfg = Debug|Any CPU
		{735B7F24-A10F-4D9B-A674-D749F4BADD19}.Debug|x86.Build.0 = Debug|Any CPU
		{735B7F24-A10F-4D9B-A674-D749F4BADD19}.Release|Any CPU.ActiveCfg = Release|Any CPU
		{735B7F24-A10F-4D9B-A674-D749F4BADD19}.Release|Any CPU.Build.0 = Release|Any CPU
		{735B7F24-A10F-4D9B-A674-D749F4BADD19}.Release|x64.ActiveCfg = Release|Any CPU
		{735B7F24-A10F-4D9B-A674-D749F4BADD19}.Release|x64.Build.0 = Release|Any CPU
		{735B7F24-A10F-4D9B-A674-D749F4BADD19}.Release|x86.ActiveCfg = Release|Any CPU
		{735B7F24-A10F-4D9B-A674-D749F4BADD19}.Release|x86.Build.0 = Release|Any CPU
		{D218C699-E72A-4586-A661-F88D9B8BFD6B}.Debug|Any CPU.ActiveCfg = Debug|Any CPU
		{D218C699-E72A-4586-A661-F88D9B8BFD6B}.Debug|Any CPU.Build.0 = Debug|Any CPU
		{D218C699-E72A-4586-A661-F88D9B8BFD6B}.Debug|x64.ActiveCfg = Debug|Any CPU
		{D218C699-E72A-4586-A661-F88D9B8BFD6B}.Debug|x64.Build.0 = Debug|Any CPU
		{D218C699-E72A-4586-A661-F88D9B8BFD6B}.Debug|x86.ActiveCfg = Debug|Any CPU
		{D218C699-E72A-4586-A661-F88D9B8BFD6B}.Debug|x86.Build.0 = Debug|Any CPU
		{D218C699-E72A-4586-A661-F88D9B8BFD6B}.Release|Any CPU.ActiveCfg = Release|Any CPU
		{D218C699-E72A-4586-A661-F88D9B8BFD6B}.Release|Any CPU.Build.0 = Release|Any CPU
		{D218C699-E72A-4586-A661-F88D9B8BFD6B}.Release|x64.ActiveCfg = Release|Any CPU
		{D218C699-E72A-4586-A661-F88D9B8BFD6B}.Release|x64.Build.0 = Release|Any CPU
		{D218C699-E72A-4586-A661-F88D9B8BFD6B}.Release|x86.ActiveCfg = Release|Any CPU
		{D218C699-E72A-4586-A661-F88D9B8BFD6B}.Release|x86.Build.0 = Release|Any CPU
		{D7866D0A-3B5E-4BF3-B2B3-3ADB83C4D0AB}.Debug|Any CPU.ActiveCfg = Debug|Any CPU
		{D7866D0A-3B5E-4BF3-B2B3-3ADB83C4D0AB}.Debug|Any CPU.Build.0 = Debug|Any CPU
		{D7866D0A-3B5E-4BF3-B2B3-3ADB83C4D0AB}.Debug|x64.ActiveCfg = Debug|Any CPU
		{D7866D0A-3B5E-4BF3-B2B3-3ADB83C4D0AB}.Debug|x64.Build.0 = Debug|Any CPU
		{D7866D0A-3B5E-4BF3-B2B3-3ADB83C4D0AB}.Debug|x86.ActiveCfg = Debug|Any CPU
		{D7866D0A-3B5E-4BF3-B2B3-3ADB83C4D0AB}.Debug|x86.Build.0 = Debug|Any CPU
		{D7866D0A-3B5E-4BF3-B2B3-3ADB83C4D0AB}.Release|Any CPU.ActiveCfg = Release|Any CPU
		{D7866D0A-3B5E-4BF3-B2B3-3ADB83C4D0AB}.Release|Any CPU.Build.0 = Release|Any CPU
		{D7866D0A-3B5E-4BF3-B2B3-3ADB83C4D0AB}.Release|x64.ActiveCfg = Release|Any CPU
		{D7866D0A-3B5E-4BF3-B2B3-3ADB83C4D0AB}.Release|x64.Build.0 = Release|Any CPU
		{D7866D0A-3B5E-4BF3-B2B3-3ADB83C4D0AB}.Release|x86.ActiveCfg = Release|Any CPU
		{D7866D0A-3B5E-4BF3-B2B3-3ADB83C4D0AB}.Release|x86.Build.0 = Release|Any CPU
		{E4715998-D24B-4EF6-9F54-6CCA32EDFA65}.Debug|Any CPU.ActiveCfg = Debug|Any CPU
		{E4715998-D24B-4EF6-9F54-6CCA32EDFA65}.Debug|Any CPU.Build.0 = Debug|Any CPU
		{E4715998-D24B-4EF6-9F54-6CCA32EDFA65}.Debug|x64.ActiveCfg = Debug|Any CPU
		{E4715998-D24B-4EF6-9F54-6CCA32EDFA65}.Debug|x64.Build.0 = Debug|Any CPU
		{E4715998-D24B-4EF6-9F54-6CCA32EDFA65}.Debug|x86.ActiveCfg = Debug|Any CPU
		{E4715998-D24B-4EF6-9F54-6CCA32EDFA65}.Debug|x86.Build.0 = Debug|Any CPU
		{E4715998-D24B-4EF6-9F54-6CCA32EDFA65}.Release|Any CPU.ActiveCfg = Release|Any CPU
		{E4715998-D24B-4EF6-9F54-6CCA32EDFA65}.Release|Any CPU.Build.0 = Release|Any CPU
		{E4715998-D24B-4EF6-9F54-6CCA32EDFA65}.Release|x64.ActiveCfg = Release|Any CPU
		{E4715998-D24B-4EF6-9F54-6CCA32EDFA65}.Release|x64.Build.0 = Release|Any CPU
		{E4715998-D24B-4EF6-9F54-6CCA32EDFA65}.Release|x86.ActiveCfg = Release|Any CPU
		{E4715998-D24B-4EF6-9F54-6CCA32EDFA65}.Release|x86.Build.0 = Release|Any CPU
		{04E72B13-8BA7-421F-A5F0-6CA8ACE20BEE}.Debug|Any CPU.ActiveCfg = Debug|Any CPU
		{04E72B13-8BA7-421F-A5F0-6CA8ACE20BEE}.Debug|Any CPU.Build.0 = Debug|Any CPU
		{04E72B13-8BA7-421F-A5F0-6CA8ACE20BEE}.Debug|x64.ActiveCfg = Debug|Any CPU
		{04E72B13-8BA7-421F-A5F0-6CA8ACE20BEE}.Debug|x64.Build.0 = Debug|Any CPU
		{04E72B13-8BA7-421F-A5F0-6CA8ACE20BEE}.Debug|x86.ActiveCfg = Debug|Any CPU
		{04E72B13-8BA7-421F-A5F0-6CA8ACE20BEE}.Debug|x86.Build.0 = Debug|Any CPU
		{04E72B13-8BA7-421F-A5F0-6CA8ACE20BEE}.Release|Any CPU.ActiveCfg = Release|Any CPU
		{04E72B13-8BA7-421F-A5F0-6CA8ACE20BEE}.Release|Any CPU.Build.0 = Release|Any CPU
		{04E72B13-8BA7-421F-A5F0-6CA8ACE20BEE}.Release|x64.ActiveCfg = Release|Any CPU
		{04E72B13-8BA7-421F-A5F0-6CA8ACE20BEE}.Release|x64.Build.0 = Release|Any CPU
		{04E72B13-8BA7-421F-A5F0-6CA8ACE20BEE}.Release|x86.ActiveCfg = Release|Any CPU
		{04E72B13-8BA7-421F-A5F0-6CA8ACE20BEE}.Release|x86.Build.0 = Release|Any CPU
		{66321F3E-DA24-4D5B-A5DA-444BB9E47D6F}.Debug|Any CPU.ActiveCfg = Debug|Any CPU
		{66321F3E-DA24-4D5B-A5DA-444BB9E47D6F}.Debug|Any CPU.Build.0 = Debug|Any CPU
		{66321F3E-DA24-4D5B-A5DA-444BB9E47D6F}.Debug|x64.ActiveCfg = Debug|Any CPU
		{66321F3E-DA24-4D5B-A5DA-444BB9E47D6F}.Debug|x64.Build.0 = Debug|Any CPU
		{66321F3E-DA24-4D5B-A5DA-444BB9E47D6F}.Debug|x86.ActiveCfg = Debug|Any CPU
		{66321F3E-DA24-4D5B-A5DA-444BB9E47D6F}.Debug|x86.Build.0 = Debug|Any CPU
		{66321F3E-DA24-4D5B-A5DA-444BB9E47D6F}.Release|Any CPU.ActiveCfg = Release|Any CPU
		{66321F3E-DA24-4D5B-A5DA-444BB9E47D6F}.Release|Any CPU.Build.0 = Release|Any CPU
		{66321F3E-DA24-4D5B-A5DA-444BB9E47D6F}.Release|x64.ActiveCfg = Release|Any CPU
		{66321F3E-DA24-4D5B-A5DA-444BB9E47D6F}.Release|x64.Build.0 = Release|Any CPU
		{66321F3E-DA24-4D5B-A5DA-444BB9E47D6F}.Release|x86.ActiveCfg = Release|Any CPU
		{66321F3E-DA24-4D5B-A5DA-444BB9E47D6F}.Release|x86.Build.0 = Release|Any CPU
		{15DF4767-4436-492F-AE2A-29E32514DD01}.Debug|Any CPU.ActiveCfg = Debug|Any CPU
		{15DF4767-4436-492F-AE2A-29E32514DD01}.Debug|Any CPU.Build.0 = Debug|Any CPU
		{15DF4767-4436-492F-AE2A-29E32514DD01}.Debug|x64.ActiveCfg = Debug|Any CPU
		{15DF4767-4436-492F-AE2A-29E32514DD01}.Debug|x64.Build.0 = Debug|Any CPU
		{15DF4767-4436-492F-AE2A-29E32514DD01}.Debug|x86.ActiveCfg = Debug|Any CPU
		{15DF4767-4436-492F-AE2A-29E32514DD01}.Debug|x86.Build.0 = Debug|Any CPU
		{15DF4767-4436-492F-AE2A-29E32514DD01}.Release|Any CPU.ActiveCfg = Release|Any CPU
		{15DF4767-4436-492F-AE2A-29E32514DD01}.Release|Any CPU.Build.0 = Release|Any CPU
		{15DF4767-4436-492F-AE2A-29E32514DD01}.Release|x64.ActiveCfg = Release|Any CPU
		{15DF4767-4436-492F-AE2A-29E32514DD01}.Release|x64.Build.0 = Release|Any CPU
		{15DF4767-4436-492F-AE2A-29E32514DD01}.Release|x86.ActiveCfg = Release|Any CPU
		{15DF4767-4436-492F-AE2A-29E32514DD01}.Release|x86.Build.0 = Release|Any CPU
		{ACEE8945-301D-4563-9D1A-B4896E813944}.Debug|Any CPU.ActiveCfg = Debug|Any CPU
		{ACEE8945-301D-4563-9D1A-B4896E813944}.Debug|Any CPU.Build.0 = Debug|Any CPU
		{ACEE8945-301D-4563-9D1A-B4896E813944}.Debug|x64.ActiveCfg = Debug|Any CPU
		{ACEE8945-301D-4563-9D1A-B4896E813944}.Debug|x64.Build.0 = Debug|Any CPU
		{ACEE8945-301D-4563-9D1A-B4896E813944}.Debug|x86.ActiveCfg = Debug|Any CPU
		{ACEE8945-301D-4563-9D1A-B4896E813944}.Debug|x86.Build.0 = Debug|Any CPU
		{ACEE8945-301D-4563-9D1A-B4896E813944}.Release|Any CPU.ActiveCfg = Release|Any CPU
		{ACEE8945-301D-4563-9D1A-B4896E813944}.Release|Any CPU.Build.0 = Release|Any CPU
		{ACEE8945-301D-4563-9D1A-B4896E813944}.Release|x64.ActiveCfg = Release|Any CPU
		{ACEE8945-301D-4563-9D1A-B4896E813944}.Release|x64.Build.0 = Release|Any CPU
		{ACEE8945-301D-4563-9D1A-B4896E813944}.Release|x86.ActiveCfg = Release|Any CPU
		{ACEE8945-301D-4563-9D1A-B4896E813944}.Release|x86.Build.0 = Release|Any CPU
		{2D37EE15-A843-4D86-AA6F-0E31CC6828E3}.Debug|Any CPU.ActiveCfg = Debug|Any CPU
		{2D37EE15-A843-4D86-AA6F-0E31CC6828E3}.Debug|Any CPU.Build.0 = Debug|Any CPU
		{2D37EE15-A843-4D86-AA6F-0E31CC6828E3}.Debug|x64.ActiveCfg = Debug|Any CPU
		{2D37EE15-A843-4D86-AA6F-0E31CC6828E3}.Debug|x64.Build.0 = Debug|Any CPU
		{2D37EE15-A843-4D86-AA6F-0E31CC6828E3}.Debug|x86.ActiveCfg = Debug|Any CPU
		{2D37EE15-A843-4D86-AA6F-0E31CC6828E3}.Debug|x86.Build.0 = Debug|Any CPU
		{2D37EE15-A843-4D86-AA6F-0E31CC6828E3}.Release|Any CPU.ActiveCfg = Release|Any CPU
		{2D37EE15-A843-4D86-AA6F-0E31CC6828E3}.Release|Any CPU.Build.0 = Release|Any CPU
		{2D37EE15-A843-4D86-AA6F-0E31CC6828E3}.Release|x64.ActiveCfg = Release|Any CPU
		{2D37EE15-A843-4D86-AA6F-0E31CC6828E3}.Release|x64.Build.0 = Release|Any CPU
		{2D37EE15-A843-4D86-AA6F-0E31CC6828E3}.Release|x86.ActiveCfg = Release|Any CPU
		{2D37EE15-A843-4D86-AA6F-0E31CC6828E3}.Release|x86.Build.0 = Release|Any CPU
		{6DB04332-702D-455C-ACEC-C9464B50D44B}.Debug|Any CPU.ActiveCfg = Debug|Any CPU
		{6DB04332-702D-455C-ACEC-C9464B50D44B}.Debug|Any CPU.Build.0 = Debug|Any CPU
		{6DB04332-702D-455C-ACEC-C9464B50D44B}.Debug|x64.ActiveCfg = Debug|Any CPU
		{6DB04332-702D-455C-ACEC-C9464B50D44B}.Debug|x64.Build.0 = Debug|Any CPU
		{6DB04332-702D-455C-ACEC-C9464B50D44B}.Debug|x86.ActiveCfg = Debug|Any CPU
		{6DB04332-702D-455C-ACEC-C9464B50D44B}.Debug|x86.Build.0 = Debug|Any CPU
		{6DB04332-702D-455C-ACEC-C9464B50D44B}.Release|Any CPU.ActiveCfg = Release|Any CPU
		{6DB04332-702D-455C-ACEC-C9464B50D44B}.Release|Any CPU.Build.0 = Release|Any CPU
		{6DB04332-702D-455C-ACEC-C9464B50D44B}.Release|x64.ActiveCfg = Release|Any CPU
		{6DB04332-702D-455C-ACEC-C9464B50D44B}.Release|x64.Build.0 = Release|Any CPU
		{6DB04332-702D-455C-ACEC-C9464B50D44B}.Release|x86.ActiveCfg = Release|Any CPU
		{6DB04332-702D-455C-ACEC-C9464B50D44B}.Release|x86.Build.0 = Release|Any CPU
		{8D942CC9-37F8-491D-A0E6-84CE091060B2}.Debug|Any CPU.ActiveCfg = Debug|Any CPU
		{8D942CC9-37F8-491D-A0E6-84CE091060B2}.Debug|Any CPU.Build.0 = Debug|Any CPU
		{8D942CC9-37F8-491D-A0E6-84CE091060B2}.Debug|x64.ActiveCfg = Debug|Any CPU
		{8D942CC9-37F8-491D-A0E6-84CE091060B2}.Debug|x64.Build.0 = Debug|Any CPU
		{8D942CC9-37F8-491D-A0E6-84CE091060B2}.Debug|x86.ActiveCfg = Debug|Any CPU
		{8D942CC9-37F8-491D-A0E6-84CE091060B2}.Debug|x86.Build.0 = Debug|Any CPU
		{8D942CC9-37F8-491D-A0E6-84CE091060B2}.Release|Any CPU.ActiveCfg = Release|Any CPU
		{8D942CC9-37F8-491D-A0E6-84CE091060B2}.Release|Any CPU.Build.0 = Release|Any CPU
		{8D942CC9-37F8-491D-A0E6-84CE091060B2}.Release|x64.ActiveCfg = Release|Any CPU
		{8D942CC9-37F8-491D-A0E6-84CE091060B2}.Release|x64.Build.0 = Release|Any CPU
		{8D942CC9-37F8-491D-A0E6-84CE091060B2}.Release|x86.ActiveCfg = Release|Any CPU
		{8D942CC9-37F8-491D-A0E6-84CE091060B2}.Release|x86.Build.0 = Release|Any CPU
		{DB153030-2889-5193-8750-EFE72E352FAC}.Debug|Any CPU.ActiveCfg = Debug|Any CPU
		{DB153030-2889-5193-8750-EFE72E352FAC}.Debug|Any CPU.Build.0 = Debug|Any CPU
		{DB153030-2889-5193-8750-EFE72E352FAC}.Debug|x64.ActiveCfg = Debug|Any CPU
		{DB153030-2889-5193-8750-EFE72E352FAC}.Debug|x64.Build.0 = Debug|Any CPU
		{DB153030-2889-5193-8750-EFE72E352FAC}.Debug|x86.ActiveCfg = Debug|Any CPU
		{DB153030-2889-5193-8750-EFE72E352FAC}.Debug|x86.Build.0 = Debug|Any CPU
		{DB153030-2889-5193-8750-EFE72E352FAC}.Release|Any CPU.ActiveCfg = Release|Any CPU
		{DB153030-2889-5193-8750-EFE72E352FAC}.Release|Any CPU.Build.0 = Release|Any CPU
		{DB153030-2889-5193-8750-EFE72E352FAC}.Release|x64.ActiveCfg = Release|Any CPU
		{DB153030-2889-5193-8750-EFE72E352FAC}.Release|x64.Build.0 = Release|Any CPU
		{DB153030-2889-5193-8750-EFE72E352FAC}.Release|x86.ActiveCfg = Release|Any CPU
		{DB153030-2889-5193-8750-EFE72E352FAC}.Release|x86.Build.0 = Release|Any CPU
	EndGlobalSection
	GlobalSection(SolutionProperties) = preSolution
		HideSolutionNode = FALSE
	EndGlobalSection
	GlobalSection(NestedProjects) = preSolution
		{5291294E-9AA9-4513-823D-C1A6921B0989} = {B0EBF403-E0A1-468F-AA04-954B6705D447}
		{D42F2951-039D-4015-9BF8-FEB20AD8A31B} = {B0EBF403-E0A1-468F-AA04-954B6705D447}
		{E0AB7934-D0C0-4FE2-838E-D59343C2A820} = {B0EBF403-E0A1-468F-AA04-954B6705D447}
		{A6CE03B3-8A8C-40A6-B61F-E1483D6ED5BD} = {B0EBF403-E0A1-468F-AA04-954B6705D447}
		{C53C1CB9-474D-403D-A82A-76E68B36DF7C} = {B0EBF403-E0A1-468F-AA04-954B6705D447}
		{C4DCF635-10FB-42D3-BEF9-B9DE6F53F813} = {B0EBF403-E0A1-468F-AA04-954B6705D447}
		{9FF014F0-EE07-424B-9367-3955CCA055C1} = {B0EBF403-E0A1-468F-AA04-954B6705D447}
		{37547C88-D10A-45B7-B391-5ABF156AEE5B} = {B0EBF403-E0A1-468F-AA04-954B6705D447}
		{741C77EE-6A44-418B-909C-CBD339FA58E3} = {B0EBF403-E0A1-468F-AA04-954B6705D447}
		{4582AAC1-4E33-4E22-86E2-1CEEB2DCBA9F} = {B0EBF403-E0A1-468F-AA04-954B6705D447}
		{49CA3ACA-2B5B-45F3-8B00-45FA333806ED} = {B0EBF403-E0A1-468F-AA04-954B6705D447}
		{B0EBF403-E0A1-468F-AA04-954B6705D447} = {AF0F4902-E051-4015-8B15-95E717141F24}
		{C5C77067-E318-4527-9D55-88B6C9E99ECE} = {B0EBF403-E0A1-468F-AA04-954B6705D447}
		{539ADE45-FF77-4001-92EE-EEC28AAC99CC} = {B0EBF403-E0A1-468F-AA04-954B6705D447}
		{E3950A97-7B31-40EF-B3F5-C14FB3249F4A} = {B0EBF403-E0A1-468F-AA04-954B6705D447}
		{735B7F24-A10F-4D9B-A674-D749F4BADD19} = {B0EBF403-E0A1-468F-AA04-954B6705D447}
		{D218C699-E72A-4586-A661-F88D9B8BFD6B} = {B0EBF403-E0A1-468F-AA04-954B6705D447}
		{D7866D0A-3B5E-4BF3-B2B3-3ADB83C4D0AB} = {B0EBF403-E0A1-468F-AA04-954B6705D447}
		{E4715998-D24B-4EF6-9F54-6CCA32EDFA65} = {B0EBF403-E0A1-468F-AA04-954B6705D447}
		{04E72B13-8BA7-421F-A5F0-6CA8ACE20BEE} = {B0EBF403-E0A1-468F-AA04-954B6705D447}
		{66321F3E-DA24-4D5B-A5DA-444BB9E47D6F} = {B0EBF403-E0A1-468F-AA04-954B6705D447}
		{15DF4767-4436-492F-AE2A-29E32514DD01} = {B0EBF403-E0A1-468F-AA04-954B6705D447}
		{ACEE8945-301D-4563-9D1A-B4896E813944} = {B0EBF403-E0A1-468F-AA04-954B6705D447}
		{2D37EE15-A843-4D86-AA6F-0E31CC6828E3} = {B0EBF403-E0A1-468F-AA04-954B6705D447}
		{6DB04332-702D-455C-ACEC-C9464B50D44B} = {B0EBF403-E0A1-468F-AA04-954B6705D447}
		{8D942CC9-37F8-491D-A0E6-84CE091060B2} = {B0EBF403-E0A1-468F-AA04-954B6705D447}
	EndGlobalSection
	GlobalSection(ExtensibilityGlobals) = postSolution
		SolutionGuid = {F10442A1-9DFB-4088-8801-E12812C8DC7D}
	EndGlobalSection
EndGlobal
